// !$*UTF8*$!
{
	archiveVersion = 1;
	classes = {
	};
	objectVersion = 55;
	objects = {

/* Begin PBXBuildFile section */
		80E3BF3227834CB600614577 /* AppDelegate.swift in Sources */ = {isa = PBXBuildFile; fileRef = 80E3BF3127834CB600614577 /* AppDelegate.swift */; };
		80E3BF3427834CB600614577 /* SceneDelegate.swift in Sources */ = {isa = PBXBuildFile; fileRef = 80E3BF3327834CB600614577 /* SceneDelegate.swift */; };
		80E3BF3927834CB600614577 /* Main.storyboard in Resources */ = {isa = PBXBuildFile; fileRef = 80E3BF3727834CB600614577 /* Main.storyboard */; };
		80E3BF3C27834CB600614577 /* ChatBot.xcdatamodeld in Sources */ = {isa = PBXBuildFile; fileRef = 80E3BF3A27834CB600614577 /* ChatBot.xcdatamodeld */; };
		80E3BF3E27834CBD00614577 /* Assets.xcassets in Resources */ = {isa = PBXBuildFile; fileRef = 80E3BF3D27834CBD00614577 /* Assets.xcassets */; };
		80E3BF4127834CBD00614577 /* LaunchScreen.storyboard in Resources */ = {isa = PBXBuildFile; fileRef = 80E3BF3F27834CBD00614577 /* LaunchScreen.storyboard */; };
		80E3BF51278357F800614577 /* ChatBotViewController.swift in Sources */ = {isa = PBXBuildFile; fileRef = 80E3BF50278357F800614577 /* ChatBotViewController.swift */; };
		80E3BF7B2783717900614577 /* GrowingTextView.swift in Sources */ = {isa = PBXBuildFile; fileRef = 80E3BF7A2783717900614577 /* GrowingTextView.swift */; };
		80E3BF7E278384F600614577 /* MenuItemView.swift in Sources */ = {isa = PBXBuildFile; fileRef = 80E3BF7C278384F600614577 /* MenuItemView.swift */; };
		80E3BF7F278384F600614577 /* MenuItemView.xib in Resources */ = {isa = PBXBuildFile; fileRef = 80E3BF7D278384F600614577 /* MenuItemView.xib */; };
		80E3BF8127838F2B00614577 /* ChatViewModel.swift in Sources */ = {isa = PBXBuildFile; fileRef = 80E3BF8027838F2B00614577 /* ChatViewModel.swift */; };
		80E3BF8327838FCD00614577 /* ChatModel.swift in Sources */ = {isa = PBXBuildFile; fileRef = 80E3BF8227838FCD00614577 /* ChatModel.swift */; };
		80E3BF8727840CE800614577 /* Utils.swift in Sources */ = {isa = PBXBuildFile; fileRef = 80E3BF8527840CE800614577 /* Utils.swift */; };
		80E3BF8827840CE800614577 /* WebServices.swift in Sources */ = {isa = PBXBuildFile; fileRef = 80E3BF8627840CE800614577 /* WebServices.swift */; };
		80E3BF8A27840E0900614577 /* ChatBotViewControllerExtension.swift in Sources */ = {isa = PBXBuildFile; fileRef = 80E3BF8927840E0900614577 /* ChatBotViewControllerExtension.swift */; };
		80E3BF8E278450D400614577 /* LoginUserTableViewCell.swift in Sources */ = {isa = PBXBuildFile; fileRef = 80E3BF8C278450D400614577 /* LoginUserTableViewCell.swift */; };
		80E3BF8F278450D400614577 /* LoginUserTableViewCell.xib in Resources */ = {isa = PBXBuildFile; fileRef = 80E3BF8D278450D400614577 /* LoginUserTableViewCell.xib */; };
		80E3BF92278450EB00614577 /* RemoteUserTableViewCell.swift in Sources */ = {isa = PBXBuildFile; fileRef = 80E3BF90278450EB00614577 /* RemoteUserTableViewCell.swift */; };
		80E3BF93278450EB00614577 /* RemoteUserTableViewCell.xib in Resources */ = {isa = PBXBuildFile; fileRef = 80E3BF91278450EB00614577 /* RemoteUserTableViewCell.xib */; };
		80E3BF9527845B4500614577 /* Utilities.swift in Sources */ = {isa = PBXBuildFile; fileRef = 80E3BF9427845B4400614577 /* Utilities.swift */; };
/* End PBXBuildFile section */

/* Begin PBXFileReference section */
		80E3BF2E27834CB600614577 /* ChatBot.app */ = {isa = PBXFileReference; explicitFileType = wrapper.application; includeInIndex = 0; path = ChatBot.app; sourceTree = BUILT_PRODUCTS_DIR; };
		80E3BF3127834CB600614577 /* AppDelegate.swift */ = {isa = PBXFileReference; lastKnownFileType = sourcecode.swift; path = AppDelegate.swift; sourceTree = "<group>"; };
		80E3BF3327834CB600614577 /* SceneDelegate.swift */ = {isa = PBXFileReference; lastKnownFileType = sourcecode.swift; path = SceneDelegate.swift; sourceTree = "<group>"; };
		80E3BF3827834CB600614577 /* Base */ = {isa = PBXFileReference; lastKnownFileType = file.storyboard; name = Base; path = Base.lproj/Main.storyboard; sourceTree = "<group>"; };
		80E3BF3B27834CB600614577 /* ChatBot.xcdatamodel */ = {isa = PBXFileReference; lastKnownFileType = wrapper.xcdatamodel; path = ChatBot.xcdatamodel; sourceTree = "<group>"; };
		80E3BF3D27834CBD00614577 /* Assets.xcassets */ = {isa = PBXFileReference; lastKnownFileType = folder.assetcatalog; path = Assets.xcassets; sourceTree = "<group>"; };
		80E3BF4027834CBD00614577 /* Base */ = {isa = PBXFileReference; lastKnownFileType = file.storyboard; name = Base; path = Base.lproj/LaunchScreen.storyboard; sourceTree = "<group>"; };
		80E3BF4227834CBD00614577 /* Info.plist */ = {isa = PBXFileReference; lastKnownFileType = text.plist.xml; path = Info.plist; sourceTree = "<group>"; };
		80E3BF50278357F800614577 /* ChatBotViewController.swift */ = {isa = PBXFileReference; lastKnownFileType = sourcecode.swift; path = ChatBotViewController.swift; sourceTree = "<group>"; };
		80E3BF7A2783717900614577 /* GrowingTextView.swift */ = {isa = PBXFileReference; fileEncoding = 4; lastKnownFileType = sourcecode.swift; path = GrowingTextView.swift; sourceTree = "<group>"; };
		80E3BF7C278384F600614577 /* MenuItemView.swift */ = {isa = PBXFileReference; lastKnownFileType = sourcecode.swift; path = MenuItemView.swift; sourceTree = "<group>"; };
		80E3BF7D278384F600614577 /* MenuItemView.xib */ = {isa = PBXFileReference; lastKnownFileType = file.xib; path = MenuItemView.xib; sourceTree = "<group>"; };
		80E3BF8027838F2B00614577 /* ChatViewModel.swift */ = {isa = PBXFileReference; lastKnownFileType = sourcecode.swift; path = ChatViewModel.swift; sourceTree = "<group>"; };
		80E3BF8227838FCD00614577 /* ChatModel.swift */ = {isa = PBXFileReference; lastKnownFileType = sourcecode.swift; path = ChatModel.swift; sourceTree = "<group>"; };
		80E3BF8527840CE800614577 /* Utils.swift */ = {isa = PBXFileReference; fileEncoding = 4; lastKnownFileType = sourcecode.swift; path = Utils.swift; sourceTree = "<group>"; };
		80E3BF8627840CE800614577 /* WebServices.swift */ = {isa = PBXFileReference; fileEncoding = 4; lastKnownFileType = sourcecode.swift; path = WebServices.swift; sourceTree = "<group>"; };
		80E3BF8927840E0900614577 /* ChatBotViewControllerExtension.swift */ = {isa = PBXFileReference; lastKnownFileType = sourcecode.swift; path = ChatBotViewControllerExtension.swift; sourceTree = "<group>"; };
		80E3BF8C278450D400614577 /* LoginUserTableViewCell.swift */ = {isa = PBXFileReference; lastKnownFileType = sourcecode.swift; path = LoginUserTableViewCell.swift; sourceTree = "<group>"; };
		80E3BF8D278450D400614577 /* LoginUserTableViewCell.xib */ = {isa = PBXFileReference; lastKnownFileType = file.xib; path = LoginUserTableViewCell.xib; sourceTree = "<group>"; };
		80E3BF90278450EB00614577 /* RemoteUserTableViewCell.swift */ = {isa = PBXFileReference; lastKnownFileType = sourcecode.swift; path = RemoteUserTableViewCell.swift; sourceTree = "<group>"; };
		80E3BF91278450EB00614577 /* RemoteUserTableViewCell.xib */ = {isa = PBXFileReference; lastKnownFileType = file.xib; path = RemoteUserTableViewCell.xib; sourceTree = "<group>"; };
		80E3BF9427845B4400614577 /* Utilities.swift */ = {isa = PBXFileReference; lastKnownFileType = sourcecode.swift; path = Utilities.swift; sourceTree = "<group>"; };
/* End PBXFileReference section */

/* Begin PBXFrameworksBuildPhase section */
		80E3BF2B27834CB600614577 /* Frameworks */ = {
			isa = PBXFrameworksBuildPhase;
			buildActionMask = 2147483647;
			files = (
			);
			runOnlyForDeploymentPostprocessing = 0;
		};
/* End PBXFrameworksBuildPhase section */

/* Begin PBXGroup section */
		80E3BF2527834CB600614577 = {
			isa = PBXGroup;
			children = (
				80E3BF3027834CB600614577 /* ChatBot */,
				80E3BF2F27834CB600614577 /* Products */,
			);
			sourceTree = "<group>";
		};
		80E3BF2F27834CB600614577 /* Products */ = {
			isa = PBXGroup;
			children = (
				80E3BF2E27834CB600614577 /* ChatBot.app */,
			);
			name = Products;
			sourceTree = "<group>";
		};
		80E3BF3027834CB600614577 /* ChatBot */ = {
			isa = PBXGroup;
			children = (
				80E3BF4C27834D2C00614577 /* AppAssests */,
				80E3BF4B27834D0B00614577 /* Views */,
				80E3BF4A27834D0300614577 /* Scenes */,
				80E3BF4927834CF900614577 /* Helper */,
				80E3BF4827834CE900614577 /* Application */,
				80E3BF4227834CBD00614577 /* Info.plist */,
				80E3BF3A27834CB600614577 /* ChatBot.xcdatamodeld */,
			);
			path = ChatBot;
			sourceTree = "<group>";
		};
		80E3BF4827834CE900614577 /* Application */ = {
			isa = PBXGroup;
			children = (
				80E3BF3127834CB600614577 /* AppDelegate.swift */,
				80E3BF3327834CB600614577 /* SceneDelegate.swift */,
			);
			path = Application;
			sourceTree = "<group>";
		};
		80E3BF4927834CF900614577 /* Helper */ = {
			isa = PBXGroup;
			children = (
				80E3BF8427840CE800614577 /* WebServices */,
				80E3BF7A2783717900614577 /* GrowingTextView.swift */,
				80E3BF9427845B4400614577 /* Utilities.swift */,
			);
			path = Helper;
			sourceTree = "<group>";
		};
		80E3BF4A27834D0300614577 /* Scenes */ = {
			isa = PBXGroup;
			children = (
				80E3BF4F278357DA00614577 /* Model */,
				80E3BF4E278357D400614577 /* View */,
				80E3BF4D278357C900614577 /* ViewModel */,
			);
			path = Scenes;
			sourceTree = "<group>";
		};
		80E3BF4B27834D0B00614577 /* Views */ = {
			isa = PBXGroup;
			children = (
				80E3BF3F27834CBD00614577 /* LaunchScreen.storyboard */,
				80E3BF3727834CB600614577 /* Main.storyboard */,
			);
			path = Views;
			sourceTree = "<group>";
		};
		80E3BF4C27834D2C00614577 /* AppAssests */ = {
			isa = PBXGroup;
			children = (
				80E3BF3D27834CBD00614577 /* Assets.xcassets */,
			);
			path = AppAssests;
			sourceTree = "<group>";
		};
		80E3BF4D278357C900614577 /* ViewModel */ = {
			isa = PBXGroup;
			children = (
				80E3BF8027838F2B00614577 /* ChatViewModel.swift */,
			);
			path = ViewModel;
			sourceTree = "<group>";
		};
		80E3BF4E278357D400614577 /* View */ = {
			isa = PBXGroup;
			children = (
				80E3BF8B27844FD900614577 /* chatCells */,
				80E3BF50278357F800614577 /* ChatBotViewController.swift */,
				80E3BF7C278384F600614577 /* MenuItemView.swift */,
				80E3BF7D278384F600614577 /* MenuItemView.xib */,
				80E3BF8927840E0900614577 /* ChatBotViewControllerExtension.swift */,
			);
			path = View;
			sourceTree = "<group>";
		};
		80E3BF4F278357DA00614577 /* Model */ = {
			isa = PBXGroup;
			children = (
				80E3BF8227838FCD00614577 /* ChatModel.swift */,
			);
			path = Model;
			sourceTree = "<group>";
		};
		80E3BF8427840CE800614577 /* WebServices */ = {
			isa = PBXGroup;
			children = (
				80E3BF8527840CE800614577 /* Utils.swift */,
				80E3BF8627840CE800614577 /* WebServices.swift */,
			);
			path = WebServices;
			sourceTree = "<group>";
		};
		80E3BF8B27844FD900614577 /* chatCells */ = {
			isa = PBXGroup;
			children = (
				80E3BF8C278450D400614577 /* LoginUserTableViewCell.swift */,
				80E3BF8D278450D400614577 /* LoginUserTableViewCell.xib */,
				80E3BF90278450EB00614577 /* RemoteUserTableViewCell.swift */,
				80E3BF91278450EB00614577 /* RemoteUserTableViewCell.xib */,
			);
			path = chatCells;
			sourceTree = "<group>";
		};
/* End PBXGroup section */

/* Begin PBXNativeTarget section */
		80E3BF2D27834CB600614577 /* ChatBot */ = {
			isa = PBXNativeTarget;
			buildConfigurationList = 80E3BF4527834CBD00614577 /* Build configuration list for PBXNativeTarget "ChatBot" */;
			buildPhases = (
				80E3BF2A27834CB600614577 /* Sources */,
				80E3BF2B27834CB600614577 /* Frameworks */,
				80E3BF2C27834CB600614577 /* Resources */,
			);
			buildRules = (
			);
			dependencies = (
			);
			name = ChatBot;
			productName = ChatBot;
			productReference = 80E3BF2E27834CB600614577 /* ChatBot.app */;
			productType = "com.apple.product-type.application";
		};
/* End PBXNativeTarget section */

/* Begin PBXProject section */
		80E3BF2627834CB600614577 /* Project object */ = {
			isa = PBXProject;
			attributes = {
				BuildIndependentTargetsInParallel = 1;
				LastSwiftUpdateCheck = 1310;
				LastUpgradeCheck = 1310;
				TargetAttributes = {
					80E3BF2D27834CB600614577 = {
						CreatedOnToolsVersion = 13.1;
					};
				};
			};
			buildConfigurationList = 80E3BF2927834CB600614577 /* Build configuration list for PBXProject "ChatBot" */;
			compatibilityVersion = "Xcode 13.0";
			developmentRegion = en;
			hasScannedForEncodings = 0;
			knownRegions = (
				en,
				Base,
			);
			mainGroup = 80E3BF2527834CB600614577;
			productRefGroup = 80E3BF2F27834CB600614577 /* Products */;
			projectDirPath = "";
			projectRoot = "";
			targets = (
				80E3BF2D27834CB600614577 /* ChatBot */,
			);
		};
/* End PBXProject section */

/* Begin PBXResourcesBuildPhase section */
		80E3BF2C27834CB600614577 /* Resources */ = {
			isa = PBXResourcesBuildPhase;
			buildActionMask = 2147483647;
			files = (
				80E3BF7F278384F600614577 /* MenuItemView.xib in Resources */,
				80E3BF8F278450D400614577 /* LoginUserTableViewCell.xib in Resources */,
				80E3BF4127834CBD00614577 /* LaunchScreen.storyboard in Resources */,
				80E3BF3E27834CBD00614577 /* Assets.xcassets in Resources */,
				80E3BF93278450EB00614577 /* RemoteUserTableViewCell.xib in Resources */,
				80E3BF3927834CB600614577 /* Main.storyboard in Resources */,
			);
			runOnlyForDeploymentPostprocessing = 0;
		};
/* End PBXResourcesBuildPhase section */

/* Begin PBXSourcesBuildPhase section */
		80E3BF2A27834CB600614577 /* Sources */ = {
			isa = PBXSourcesBuildPhase;
			buildActionMask = 2147483647;
			files = (
				80E3BF8A27840E0900614577 /* ChatBotViewControllerExtension.swift in Sources */,
				80E3BF3C27834CB600614577 /* ChatBot.xcdatamodeld in Sources */,
				80E3BF9527845B4500614577 /* Utilities.swift in Sources */,
				80E3BF8127838F2B00614577 /* ChatViewModel.swift in Sources */,
				80E3BF8727840CE800614577 /* Utils.swift in Sources */,
				80E3BF7B2783717900614577 /* GrowingTextView.swift in Sources */,
				80E3BF3227834CB600614577 /* AppDelegate.swift in Sources */,
				80E3BF8E278450D400614577 /* LoginUserTableViewCell.swift in Sources */,
				80E3BF92278450EB00614577 /* RemoteUserTableViewCell.swift in Sources */,
				80E3BF51278357F800614577 /* ChatBotViewController.swift in Sources */,
				80E3BF8827840CE800614577 /* WebServices.swift in Sources */,
				80E3BF7E278384F600614577 /* MenuItemView.swift in Sources */,
				80E3BF3427834CB600614577 /* SceneDelegate.swift in Sources */,
				80E3BF8327838FCD00614577 /* ChatModel.swift in Sources */,
			);
			runOnlyForDeploymentPostprocessing = 0;
		};
/* End PBXSourcesBuildPhase section */

/* Begin PBXVariantGroup section */
		80E3BF3727834CB600614577 /* Main.storyboard */ = {
			isa = PBXVariantGroup;
			children = (
				80E3BF3827834CB600614577 /* Base */,
			);
			name = Main.storyboard;
			sourceTree = "<group>";
		};
		80E3BF3F27834CBD00614577 /* LaunchScreen.storyboard */ = {
			isa = PBXVariantGroup;
			children = (
				80E3BF4027834CBD00614577 /* Base */,
			);
			name = LaunchScreen.storyboard;
			sourceTree = "<group>";
		};
/* End PBXVariantGroup section */

/* Begin XCBuildConfiguration section */
		80E3BF4327834CBD00614577 /* Debug */ = {
			isa = XCBuildConfiguration;
			buildSettings = {
				ALWAYS_SEARCH_USER_PATHS = NO;
				CLANG_ANALYZER_NONNULL = YES;
				CLANG_ANALYZER_NUMBER_OBJECT_CONVERSION = YES_AGGRESSIVE;
				CLANG_CXX_LANGUAGE_STANDARD = "gnu++17";
				CLANG_CXX_LIBRARY = "libc++";
				CLANG_ENABLE_MODULES = YES;
				CLANG_ENABLE_OBJC_ARC = YES;
				CLANG_ENABLE_OBJC_WEAK = YES;
				CLANG_WARN_BLOCK_CAPTURE_AUTORELEASING = YES;
				CLANG_WARN_BOOL_CONVERSION = YES;
				CLANG_WARN_COMMA = YES;
				CLANG_WARN_CONSTANT_CONVERSION = YES;
				CLANG_WARN_DEPRECATED_OBJC_IMPLEMENTATIONS = YES;
				CLANG_WARN_DIRECT_OBJC_ISA_USAGE = YES_ERROR;
				CLANG_WARN_DOCUMENTATION_COMMENTS = YES;
				CLANG_WARN_EMPTY_BODY = YES;
				CLANG_WARN_ENUM_CONVERSION = YES;
				CLANG_WARN_INFINITE_RECURSION = YES;
				CLANG_WARN_INT_CONVERSION = YES;
				CLANG_WARN_NON_LITERAL_NULL_CONVERSION = YES;
				CLANG_WARN_OBJC_IMPLICIT_RETAIN_SELF = YES;
				CLANG_WARN_OBJC_LITERAL_CONVERSION = YES;
				CLANG_WARN_OBJC_ROOT_CLASS = YES_ERROR;
				CLANG_WARN_QUOTED_INCLUDE_IN_FRAMEWORK_HEADER = YES;
				CLANG_WARN_RANGE_LOOP_ANALYSIS = YES;
				CLANG_WARN_STRICT_PROTOTYPES = YES;
				CLANG_WARN_SUSPICIOUS_MOVE = YES;
				CLANG_WARN_UNGUARDED_AVAILABILITY = YES_AGGRESSIVE;
				CLANG_WARN_UNREACHABLE_CODE = YES;
				CLANG_WARN__DUPLICATE_METHOD_MATCH = YES;
				COPY_PHASE_STRIP = NO;
				DEBUG_INFORMATION_FORMAT = dwarf;
				ENABLE_STRICT_OBJC_MSGSEND = YES;
				ENABLE_TESTABILITY = YES;
				GCC_C_LANGUAGE_STANDARD = gnu11;
				GCC_DYNAMIC_NO_PIC = NO;
				GCC_NO_COMMON_BLOCKS = YES;
				GCC_OPTIMIZATION_LEVEL = 0;
				GCC_PREPROCESSOR_DEFINITIONS = (
					"DEBUG=1",
					"$(inherited)",
				);
				GCC_WARN_64_TO_32_BIT_CONVERSION = YES;
				GCC_WARN_ABOUT_RETURN_TYPE = YES_ERROR;
				GCC_WARN_UNDECLARED_SELECTOR = YES;
				GCC_WARN_UNINITIALIZED_AUTOS = YES_AGGRESSIVE;
				GCC_WARN_UNUSED_FUNCTION = YES;
				GCC_WARN_UNUSED_VARIABLE = YES;
				IPHONEOS_DEPLOYMENT_TARGET = 15.0;
				MTL_ENABLE_DEBUG_INFO = INCLUDE_SOURCE;
				MTL_FAST_MATH = YES;
				ONLY_ACTIVE_ARCH = YES;
				SDKROOT = iphoneos;
				SWIFT_ACTIVE_COMPILATION_CONDITIONS = DEBUG;
				SWIFT_OPTIMIZATION_LEVEL = "-Onone";
			};
			name = Debug;
		};
		80E3BF4427834CBD00614577 /* Release */ = {
			isa = XCBuildConfiguration;
			buildSettings = {
				ALWAYS_SEARCH_USER_PATHS = NO;
				CLANG_ANALYZER_NONNULL = YES;
				CLANG_ANALYZER_NUMBER_OBJECT_CONVERSION = YES_AGGRESSIVE;
				CLANG_CXX_LANGUAGE_STANDARD = "gnu++17";
				CLANG_CXX_LIBRARY = "libc++";
				CLANG_ENABLE_MODULES = YES;
				CLANG_ENABLE_OBJC_ARC = YES;
				CLANG_ENABLE_OBJC_WEAK = YES;
				CLANG_WARN_BLOCK_CAPTURE_AUTORELEASING = YES;
				CLANG_WARN_BOOL_CONVERSION = YES;
				CLANG_WARN_COMMA = YES;
				CLANG_WARN_CONSTANT_CONVERSION = YES;
				CLANG_WARN_DEPRECATED_OBJC_IMPLEMENTATIONS = YES;
				CLANG_WARN_DIRECT_OBJC_ISA_USAGE = YES_ERROR;
				CLANG_WARN_DOCUMENTATION_COMMENTS = YES;
				CLANG_WARN_EMPTY_BODY = YES;
				CLANG_WARN_ENUM_CONVERSION = YES;
				CLANG_WARN_INFINITE_RECURSION = YES;
				CLANG_WARN_INT_CONVERSION = YES;
				CLANG_WARN_NON_LITERAL_NULL_CONVERSION = YES;
				CLANG_WARN_OBJC_IMPLICIT_RETAIN_SELF = YES;
				CLANG_WARN_OBJC_LITERAL_CONVERSION = YES;
				CLANG_WARN_OBJC_ROOT_CLASS = YES_ERROR;
				CLANG_WARN_QUOTED_INCLUDE_IN_FRAMEWORK_HEADER = YES;
				CLANG_WARN_RANGE_LOOP_ANALYSIS = YES;
				CLANG_WARN_STRICT_PROTOTYPES = YES;
				CLANG_WARN_SUSPICIOUS_MOVE = YES;
				CLANG_WARN_UNGUARDED_AVAILABILITY = YES_AGGRESSIVE;
				CLANG_WARN_UNREACHABLE_CODE = YES;
				CLANG_WARN__DUPLICATE_METHOD_MATCH = YES;
				COPY_PHASE_STRIP = NO;
				DEBUG_INFORMATION_FORMAT = "dwarf-with-dsym";
				ENABLE_NS_ASSERTIONS = NO;
				ENABLE_STRICT_OBJC_MSGSEND = YES;
				GCC_C_LANGUAGE_STANDARD = gnu11;
				GCC_NO_COMMON_BLOCKS = YES;
				GCC_WARN_64_TO_32_BIT_CONVERSION = YES;
				GCC_WARN_ABOUT_RETURN_TYPE = YES_ERROR;
				GCC_WARN_UNDECLARED_SELECTOR = YES;
				GCC_WARN_UNINITIALIZED_AUTOS = YES_AGGRESSIVE;
				GCC_WARN_UNUSED_FUNCTION = YES;
				GCC_WARN_UNUSED_VARIABLE = YES;
				IPHONEOS_DEPLOYMENT_TARGET = 15.0;
				MTL_ENABLE_DEBUG_INFO = NO;
				MTL_FAST_MATH = YES;
				SDKROOT = iphoneos;
				SWIFT_COMPILATION_MODE = wholemodule;
				SWIFT_OPTIMIZATION_LEVEL = "-O";
				VALIDATE_PRODUCT = YES;
			};
			name = Release;
		};
		80E3BF4627834CBD00614577 /* Debug */ = {
			isa = XCBuildConfiguration;
			buildSettings = {
				ASSETCATALOG_COMPILER_APPICON_NAME = AppIcon;
				ASSETCATALOG_COMPILER_GLOBAL_ACCENT_COLOR_NAME = AccentColor;
				ASSETCATALOG_COMPILER_INCLUDE_ALL_APPICON_ASSETS = YES;
				CODE_SIGN_STYLE = Automatic;
				CURRENT_PROJECT_VERSION = 1;
				GENERATE_INFOPLIST_FILE = YES;
				INFOPLIST_FILE = ChatBot/Info.plist;
				INFOPLIST_KEY_UIApplicationSupportsIndirectInputEvents = YES;
				INFOPLIST_KEY_UILaunchStoryboardName = LaunchScreen;
				INFOPLIST_KEY_UIMainStoryboardFile = Main;
				INFOPLIST_KEY_UIRequiresFullScreen = NO;
				INFOPLIST_KEY_UIStatusBarHidden = NO;
				INFOPLIST_KEY_UISupportedInterfaceOrientations = UIInterfaceOrientationPortrait;
				INFOPLIST_KEY_UISupportedInterfaceOrientations_iPad = "UIInterfaceOrientationPortrait UIInterfaceOrientationPortraitUpsideDown UIInterfaceOrientationLandscapeLeft UIInterfaceOrientationLandscapeRight";
				INFOPLIST_KEY_UISupportedInterfaceOrientations_iPhone = "UIInterfaceOrientationPortrait UIInterfaceOrientationLandscapeLeft UIInterfaceOrientationLandscapeRight";
				LD_RUNPATH_SEARCH_PATHS = (
					"$(inherited)",
					"@executable_path/Frameworks",
				);
				MARKETING_VERSION = 1.0;
				PRODUCT_BUNDLE_IDENTIFIER = mahendraVishwakarma.ChatBot;
				PRODUCT_NAME = "$(TARGET_NAME)";
				SWIFT_EMIT_LOC_STRINGS = YES;
				SWIFT_VERSION = 5.0;
				TARGETED_DEVICE_FAMILY = "1,2";
			};
			name = Debug;
		};
		80E3BF4727834CBD00614577 /* Release */ = {
			isa = XCBuildConfiguration;
			buildSettings = {
				ASSETCATALOG_COMPILER_APPICON_NAME = AppIcon;
				ASSETCATALOG_COMPILER_GLOBAL_ACCENT_COLOR_NAME = AccentColor;
				ASSETCATALOG_COMPILER_INCLUDE_ALL_APPICON_ASSETS = YES;
				CODE_SIGN_STYLE = Automatic;
				CURRENT_PROJECT_VERSION = 1;
				GENERATE_INFOPLIST_FILE = YES;
				INFOPLIST_FILE = ChatBot/Info.plist;
				INFOPLIST_KEY_UIApplicationSupportsIndirectInputEvents = YES;
				INFOPLIST_KEY_UILaunchStoryboardName = LaunchScreen;
				INFOPLIST_KEY_UIMainStoryboardFile = Main;
				INFOPLIST_KEY_UIRequiresFullScreen = NO;
				INFOPLIST_KEY_UIStatusBarHidden = NO;
				INFOPLIST_KEY_UISupportedInterfaceOrientations = UIInterfaceOrientationPortrait;
				INFOPLIST_KEY_UISupportedInterfaceOrientations_iPad = "UIInterfaceOrientationPortrait UIInterfaceOrientationPortraitUpsideDown UIInterfaceOrientationLandscapeLeft UIInterfaceOrientationLandscapeRight";
				INFOPLIST_KEY_UISupportedInterfaceOrientations_iPhone = "UIInterfaceOrientationPortrait UIInterfaceOrientationLandscapeLeft UIInterfaceOrientationLandscapeRight";
				LD_RUNPATH_SEARCH_PATHS = (
					"$(inherited)",
					"@executable_path/Frameworks",
				);
				MARKETING_VERSION = 1.0;
				PRODUCT_BUNDLE_IDENTIFIER = mahendraVishwakarma.ChatBot;
				PRODUCT_NAME = "$(TARGET_NAME)";
				SWIFT_EMIT_LOC_STRINGS = YES;
				SWIFT_VERSION = 5.0;
				TARGETED_DEVICE_FAMILY = "1,2";
			};
			name = Release;
		};
/* End XCBuildConfiguration section */

/* Begin XCConfigurationList section */
		80E3BF2927834CB600614577 /* Build configuration list for PBXProject "ChatBot" */ = {
			isa = XCConfigurationList;
			buildConfigurations = (
				80E3BF4327834CBD00614577 /* Debug */,
				80E3BF4427834CBD00614577 /* Release */,
			);
			defaultConfigurationIsVisible = 0;
			defaultConfigurationName = Release;
		};
		80E3BF4527834CBD00614577 /* Build configuration list for PBXNativeTarget "ChatBot" */ = {
			isa = XCConfigurationList;
			buildConfigurations = (
				80E3BF4627834CBD00614577 /* Debug */,
				80E3BF4727834CBD00614577 /* Release */,
			);
			defaultConfigurationIsVisible = 0;
			defaultConfigurationName = Release;
		};
/* End XCConfigurationList section */

/* Begin XCVersionGroup section */
		80E3BF3A27834CB600614577 /* ChatBot.xcdatamodeld */ = {
			isa = XCVersionGroup;
			children = (
				80E3BF3B27834CB600614577 /* ChatBot.xcdatamodel */,
			);
			currentVersion = 80E3BF3B27834CB600614577 /* ChatBot.xcdatamodel */;
			path = ChatBot.xcdatamodeld;
			sourceTree = "<group>";
			versionGroupType = wrapper.xcdatamodel;
		};
/* End XCVersionGroup section */
	};
	rootObject = 80E3BF2627834CB600614577 /* Project object */;
}
